
Microsoft Visual Studio Solution File, Format Version 12.00
# Visual Studio Version 17
VisualStudioVersion = 17.14.36327.8
MinimumVisualStudioVersion = 10.0.40219.1
Project("{FAE04EC0-301F-11D3-BF4B-00C04F79EFBC}") = "MVCEtWebAPI", "MVCEtWebAPI.csproj", "{B0305B21-9D98-43EE-81E3-2B4B8FB004A7}"
EndProject
Project("{FAE04EC0-301F-11D3-BF4B-00C04F79EFBC}") = "Models", "..\Models\Models.csproj", "{3DC4D86A-A32D-4566-B046-E76147ABEFA4}"
EndProject
Project("{FAE04EC0-301F-11D3-BF4B-00C04F79EFBC}") = "WebAPI", "..\WebAPI\WebAPI.csproj", "{30B502BA-8BEE-4ED1-A31E-29008C801092}"
EndProject
Global
	GlobalSection(SolutionConfigurationPlatforms) = preSolution
		Debug|Any CPU = Debug|Any CPU
		Release|Any CPU = Release|Any CPU
	EndGlobalSection
	GlobalSection(ProjectConfigurationPlatforms) = postSolution
		{B0305B21-9D98-43EE-81E3-2B4B8FB004A7}.Debug|Any CPU.ActiveCfg = Debug|Any CPU
		{B0305B21-9D98-43EE-81E3-2B4B8FB004A7}.Debug|Any CPU.Build.0 = Debug|Any CPU
		{B0305B21-9D98-43EE-81E3-2B4B8FB004A7}.Release|Any CPU.ActiveCfg = Release|Any CPU
		{B0305B21-9D98-43EE-81E3-2B4B8FB004A7}.Release|Any CPU.Build.0 = Release|Any CPU
		{3DC4D86A-A32D-4566-B046-E76147ABEFA4}.Debug|Any CPU.ActiveCfg = Debug|Any CPU
		{3DC4D86A-A32D-4566-B046-E76147ABEFA4}.Debug|Any CPU.Build.0 = Debug|Any CPU
		{3DC4D86A-A32D-4566-B046-E76147ABEFA4}.Release|Any CPU.ActiveCfg = Release|Any CPU
		{3DC4D86A-A32D-4566-B046-E76147ABEFA4}.Release|Any CPU.Build.0 = Release|Any CPU
		{30B502BA-8BEE-4ED1-A31E-29008C801092}.Debug|Any CPU.ActiveCfg = Debug|Any CPU
		{30B502BA-8BEE-4ED1-A31E-29008C801092}.Debug|Any CPU.Build.0 = Debug|Any CPU
		{30B502BA-8BEE-4ED1-A31E-29008C801092}.Release|Any CPU.ActiveCfg = Release|Any CPU
		{30B502BA-8BEE-4ED1-A31E-29008C801092}.Release|Any CPU.Build.0 = Release|Any CPU
	EndGlobalSection
	GlobalSection(SolutionProperties) = preSolution
		HideSolutionNode = FALSE
	EndGlobalSection
	GlobalSection(ExtensibilityGlobals) = postSolution
		SolutionGuid = {6D7C571C-5653-4CF6-9D39-AA9305A7FD45}
	EndGlobalSection
EndGlobal
